# This file is autogenerated, do not edit; changes may be undone by the next 'dep ensure'.


[[projects]]
  name = "github.com/fatih/color"
  packages = ["."]
  revision = "507f6050b8568533fb3f5504de8e5205fa62a114"
  version = "v1.6.0"

[[projects]]
  name = "github.com/inconshreveable/mousetrap"
  packages = ["."]
  revision = "76626ae9c91c4f2a10f34cad8ce83ea42c93bb75"
  version = "v1.0"

[[projects]]
  branch = "master"
  name = "github.com/kris-nova/lolgopher"
  packages = ["."]
  revision = "14d43f83481a37e992f5899de8581727b9ba7702"

[[projects]]
  branch = "master"
  name = "github.com/kubicorn/kubicorn"
  packages = ["pkg/logger"]
  revision = "39fdba0a349ccad3fcaaec96f08e8363362ffaf1"

[[projects]]
  name = "github.com/mattn/go-colorable"
  packages = ["."]
  revision = "167de6bfdfba052fa6b2d3664c8f5272e23c9072"
  version = "v0.0.9"

[[projects]]
  name = "github.com/mattn/go-isatty"
  packages = ["."]
  revision = "0360b2af4f38e8d38c7fce2a9f4e702702d73a39"
  version = "v0.0.3"

[[projects]]
  name = "github.com/spf13/cobra"
  packages = ["."]
  revision = "7b2c5ac9fc04fc5efafb60700713d4fa609b777b"
  version = "v0.0.1"

[[projects]]
  name = "github.com/spf13/pflag"
  packages = ["."]
  revision = "e57e3eeb33f795204c1ca35f56c44f83227c6e66"
  version = "v1.0.0"

[[projects]]
  branch = "master"
  name = "golang.org/x/sys"
  packages = ["unix"]
  revision = "c488ab1dd8481ef762f96a79a9577c27825be697"

[solve-meta]
  analyzer-name = "dep"
  analyzer-version = 1
  inputs-digest = "11bf8038cec4f216425561e9a4cff306fe3418772ff25a4b416c5a6deb76120f"
  solver-name = "gps-cdcl"
  solver-version = 1
